<?xml version="1.0" encoding="UTF-8"?>
<CodeBlocks_project_file>
	<FileVersion major="1" minor="6"/>
	<Project>
		<Option title="bwt"/>
		<Option makefile_is_custom="1"/>
		<Option compiler="gcc"/>
		<Option virtualFolders="CMake Files\;"/>
		<Build>
			<Target title="all">
				<Option working_dir="/home/anders/Projects/bio-project/bwt"/>
				<Option type="4"/>
				<MakeCommands>
					<Build command="/usr/bin/gmake -f &quot;/home/anders/Projects/bio-project/bwt/Makefile&quot;  VERBOSE=1 all"/>
					<CompileFile command="/usr/bin/gmake -f &quot;/home/anders/Projects/bio-project/bwt/Makefile&quot;  VERBOSE=1 &quot;$file&quot;"/>
					<Clean command="/usr/bin/gmake -f &quot;/home/anders/Projects/bio-project/bwt/Makefile&quot;  VERBOSE=1 clean"/>
					<DistClean command="/usr/bin/gmake -f &quot;/home/anders/Projects/bio-project/bwt/Makefile&quot;  VERBOSE=1 clean"/>
				</MakeCommands>
			</Target>
			<Target title="rebuild_cache">
				<Option working_dir="/home/anders/Projects/bio-project/bwt"/>
				<Option type="4"/>
				<MakeCommands>
					<Build command="/usr/bin/gmake -f &quot;/home/anders/Projects/bio-project/bwt/Makefile&quot;  VERBOSE=1 rebuild_cache"/>
					<CompileFile command="/usr/bin/gmake -f &quot;/home/anders/Projects/bio-project/bwt/Makefile&quot;  VERBOSE=1 &quot;$file&quot;"/>
					<Clean command="/usr/bin/gmake -f &quot;/home/anders/Projects/bio-project/bwt/Makefile&quot;  VERBOSE=1 clean"/>
					<DistClean command="/usr/bin/gmake -f &quot;/home/anders/Projects/bio-project/bwt/Makefile&quot;  VERBOSE=1 clean"/>
				</MakeCommands>
			</Target>
			<Target title="bwt_test">
				<Option output="/home/anders/Projects/bio-project/bwt/bwt_test" prefix_auto="0" extension_auto="0"/>
				<Option working_dir="/home/anders/Projects/bio-project/bwt"/>
				<Option object_output="./"/>
				<Option type="1"/>
				<Option compiler="gcc"/>
				<Compiler/>
				<MakeCommands>
					<Build command="/usr/bin/gmake -f &quot;/home/anders/Projects/bio-project/bwt/Makefile&quot;  VERBOSE=1 bwt_test"/>
					<CompileFile command="/usr/bin/gmake -f &quot;/home/anders/Projects/bio-project/bwt/Makefile&quot;  VERBOSE=1 &quot;$file&quot;"/>
					<Clean command="/usr/bin/gmake -f &quot;/home/anders/Projects/bio-project/bwt/Makefile&quot;  VERBOSE=1 clean"/>
					<DistClean command="/usr/bin/gmake -f &quot;/home/anders/Projects/bio-project/bwt/Makefile&quot;  VERBOSE=1 clean"/>
				</MakeCommands>
			</Target>
			<Target title="bwt_test/fast">
				<Option output="/home/anders/Projects/bio-project/bwt/bwt_test" prefix_auto="0" extension_auto="0"/>
				<Option working_dir="/home/anders/Projects/bio-project/bwt"/>
				<Option object_output="./"/>
				<Option type="1"/>
				<Option compiler="gcc"/>
				<Compiler/>
				<MakeCommands>
					<Build command="/usr/bin/gmake -f &quot;/home/anders/Projects/bio-project/bwt/Makefile&quot;  VERBOSE=1 bwt_test/fast"/>
					<CompileFile command="/usr/bin/gmake -f &quot;/home/anders/Projects/bio-project/bwt/Makefile&quot;  VERBOSE=1 &quot;$file&quot;"/>
					<Clean command="/usr/bin/gmake -f &quot;/home/anders/Projects/bio-project/bwt/Makefile&quot;  VERBOSE=1 clean"/>
					<DistClean command="/usr/bin/gmake -f &quot;/home/anders/Projects/bio-project/bwt/Makefile&quot;  VERBOSE=1 clean"/>
				</MakeCommands>
			</Target>
			<Target title="edit_cache">
				<Option working_dir="/home/anders/Projects/bio-project/bwt"/>
				<Option type="4"/>
				<MakeCommands>
					<Build command="/usr/bin/gmake -f &quot;/home/anders/Projects/bio-project/bwt/Makefile&quot;  VERBOSE=1 edit_cache"/>
					<CompileFile command="/usr/bin/gmake -f &quot;/home/anders/Projects/bio-project/bwt/Makefile&quot;  VERBOSE=1 &quot;$file&quot;"/>
					<Clean command="/usr/bin/gmake -f &quot;/home/anders/Projects/bio-project/bwt/Makefile&quot;  VERBOSE=1 clean"/>
					<DistClean command="/usr/bin/gmake -f &quot;/home/anders/Projects/bio-project/bwt/Makefile&quot;  VERBOSE=1 clean"/>
				</MakeCommands>
			</Target>
			<Target title="bwt">
				<Option output="/home/anders/Projects/bio-project/bwt/bwt" prefix_auto="0" extension_auto="0"/>
				<Option working_dir="/home/anders/Projects/bio-project/bwt"/>
				<Option object_output="./"/>
				<Option type="1"/>
				<Option compiler="gcc"/>
				<Compiler/>
				<MakeCommands>
					<Build command="/usr/bin/gmake -f &quot;/home/anders/Projects/bio-project/bwt/Makefile&quot;  VERBOSE=1 bwt"/>
					<CompileFile command="/usr/bin/gmake -f &quot;/home/anders/Projects/bio-project/bwt/Makefile&quot;  VERBOSE=1 &quot;$file&quot;"/>
					<Clean command="/usr/bin/gmake -f &quot;/home/anders/Projects/bio-project/bwt/Makefile&quot;  VERBOSE=1 clean"/>
					<DistClean command="/usr/bin/gmake -f &quot;/home/anders/Projects/bio-project/bwt/Makefile&quot;  VERBOSE=1 clean"/>
				</MakeCommands>
			</Target>
			<Target title="bwt/fast">
				<Option output="/home/anders/Projects/bio-project/bwt/bwt" prefix_auto="0" extension_auto="0"/>
				<Option working_dir="/home/anders/Projects/bio-project/bwt"/>
				<Option object_output="./"/>
				<Option type="1"/>
				<Option compiler="gcc"/>
				<Compiler/>
				<MakeCommands>
					<Build command="/usr/bin/gmake -f &quot;/home/anders/Projects/bio-project/bwt/Makefile&quot;  VERBOSE=1 bwt/fast"/>
					<CompileFile command="/usr/bin/gmake -f &quot;/home/anders/Projects/bio-project/bwt/Makefile&quot;  VERBOSE=1 &quot;$file&quot;"/>
					<Clean command="/usr/bin/gmake -f &quot;/home/anders/Projects/bio-project/bwt/Makefile&quot;  VERBOSE=1 clean"/>
					<DistClean command="/usr/bin/gmake -f &quot;/home/anders/Projects/bio-project/bwt/Makefile&quot;  VERBOSE=1 clean"/>
				</MakeCommands>
			</Target>
		</Build>
		<Unit filename="/home/anders/Projects/bio-project/bwt/src/cigar.cpp">
			<Option target="bwt_test"/>
			<Option target="bwt"/>
		</Unit>
		<Unit filename="/home/anders/Projects/bio-project/bwt/src/cigar.h">
			<Option target="bwt_test"/>
			<Option target="bwt"/>
		</Unit>
		<Unit filename="/home/anders/Projects/bio-project/bwt/src/main.cpp">
			<Option target="bwt"/>
		</Unit>
		<Unit filename="/home/anders/Projects/bio-project/bwt/src/util.cpp">
			<Option target="bwt_test"/>
			<Option target="bwt"/>
		</Unit>
		<Unit filename="/home/anders/Projects/bio-project/bwt/src/util.h">
			<Option target="bwt_test"/>
			<Option target="bwt"/>
		</Unit>
		<Unit filename="/home/anders/Projects/bio-project/bwt/test/test.cpp">
			<Option target="bwt_test"/>
		</Unit>
		<Unit filename="/home/anders/Projects/bio-project/bwt/CMakeLists.txt">
			<Option virtualFolder="CMake Files\"/>
		</Unit>
	</Project>
</CodeBlocks_project_file>
